
Microsoft Visual Studio Solution File, Format Version 12.00
# Visual Studio 15
VisualStudioVersion = 15.0.27130.2036
MinimumVisualStudioVersion = 10.0.40219.1
Project("{9A19103F-16F7-4668-BE54-9A1E7A4F7556}") = "CodeX.Core.API", "CodeX.Core.API\CodeX.Core.API.csproj", "{5BC593AF-96EA-4E9A-902F-9F66FBA3B46C}"
EndProject
Project("{9A19103F-16F7-4668-BE54-9A1E7A4F7556}") = "CodeX.Code.BAL", "CodeX.Code.BAL\CodeX.Code.BAL.csproj", "{1793C902-7BB4-4459-8569-95E24B2FE2FB}"
EndProject
Project("{9A19103F-16F7-4668-BE54-9A1E7A4F7556}") = "CodeX.Core.DAL", "CodeX.Core.DAL\CodeX.Core.DAL.csproj", "{EB577738-DE01-44B1-AA57-8B11AEB50BCF}"
EndProject
Project("{9A19103F-16F7-4668-BE54-9A1E7A4F7556}") = "CodeX.Core.Entity", "CodeX.Core.Entity\CodeX.Core.Entity.csproj", "{09F1E185-8BBE-4C65-97C3-14CF4F921835}"
EndProject
Global
	GlobalSection(SolutionConfigurationPlatforms) = preSolution
		Ad-Hoc|Any CPU = Ad-Hoc|Any CPU
		Ad-Hoc|iPhone = Ad-Hoc|iPhone
		Ad-Hoc|iPhoneSimulator = Ad-Hoc|iPhoneSimulator
		AppStore|Any CPU = AppStore|Any CPU
		AppStore|iPhone = AppStore|iPhone
		AppStore|iPhoneSimulator = AppStore|iPhoneSimulator
		Debug|Any CPU = Debug|Any CPU
		Debug|iPhone = Debug|iPhone
		Debug|iPhoneSimulator = Debug|iPhoneSimulator
		Release|Any CPU = Release|Any CPU
		Release|iPhone = Release|iPhone
		Release|iPhoneSimulator = Release|iPhoneSimulator
	EndGlobalSection
	GlobalSection(ProjectConfigurationPlatforms) = postSolution
		{5BC593AF-96EA-4E9A-902F-9F66FBA3B46C}.Ad-Hoc|Any CPU.ActiveCfg = Release|Any CPU
		{5BC593AF-96EA-4E9A-902F-9F66FBA3B46C}.Ad-Hoc|Any CPU.Build.0 = Release|Any CPU
		{5BC593AF-96EA-4E9A-902F-9F66FBA3B46C}.Ad-Hoc|iPhone.ActiveCfg = Release|Any CPU
		{5BC593AF-96EA-4E9A-902F-9F66FBA3B46C}.Ad-Hoc|iPhone.Build.0 = Release|Any CPU
		{5BC593AF-96EA-4E9A-902F-9F66FBA3B46C}.Ad-Hoc|iPhoneSimulator.ActiveCfg = Release|Any CPU
		{5BC593AF-96EA-4E9A-902F-9F66FBA3B46C}.Ad-Hoc|iPhoneSimulator.Build.0 = Release|Any CPU
		{5BC593AF-96EA-4E9A-902F-9F66FBA3B46C}.AppStore|Any CPU.ActiveCfg = Release|Any CPU
		{5BC593AF-96EA-4E9A-902F-9F66FBA3B46C}.AppStore|Any CPU.Build.0 = Release|Any CPU
		{5BC593AF-96EA-4E9A-902F-9F66FBA3B46C}.AppStore|iPhone.ActiveCfg = Release|Any CPU
		{5BC593AF-96EA-4E9A-902F-9F66FBA3B46C}.AppStore|iPhone.Build.0 = Release|Any CPU
		{5BC593AF-96EA-4E9A-902F-9F66FBA3B46C}.AppStore|iPhoneSimulator.ActiveCfg = Release|Any CPU
		{5BC593AF-96EA-4E9A-902F-9F66FBA3B46C}.AppStore|iPhoneSimulator.Build.0 = Release|Any CPU
		{5BC593AF-96EA-4E9A-902F-9F66FBA3B46C}.Debug|Any CPU.ActiveCfg = Debug|Any CPU
		{5BC593AF-96EA-4E9A-902F-9F66FBA3B46C}.Debug|Any CPU.Build.0 = Debug|Any CPU
		{5BC593AF-96EA-4E9A-902F-9F66FBA3B46C}.Debug|iPhone.ActiveCfg = Debug|Any CPU
		{5BC593AF-96EA-4E9A-902F-9F66FBA3B46C}.Debug|iPhone.Build.0 = Debug|Any CPU
		{5BC593AF-96EA-4E9A-902F-9F66FBA3B46C}.Debug|iPhoneSimulator.ActiveCfg = Debug|Any CPU
		{5BC593AF-96EA-4E9A-902F-9F66FBA3B46C}.Debug|iPhoneSimulator.Build.0 = Debug|Any CPU
		{5BC593AF-96EA-4E9A-902F-9F66FBA3B46C}.Release|Any CPU.ActiveCfg = Release|Any CPU
		{5BC593AF-96EA-4E9A-902F-9F66FBA3B46C}.Release|Any CPU.Build.0 = Release|Any CPU
		{5BC593AF-96EA-4E9A-902F-9F66FBA3B46C}.Release|iPhone.ActiveCfg = Release|Any CPU
		{5BC593AF-96EA-4E9A-902F-9F66FBA3B46C}.Release|iPhone.Build.0 = Release|Any CPU
		{5BC593AF-96EA-4E9A-902F-9F66FBA3B46C}.Release|iPhoneSimulator.ActiveCfg = Release|Any CPU
		{5BC593AF-96EA-4E9A-902F-9F66FBA3B46C}.Release|iPhoneSimulator.Build.0 = Release|Any CPU
		{1793C902-7BB4-4459-8569-95E24B2FE2FB}.Ad-Hoc|Any CPU.ActiveCfg = Debug|Any CPU
		{1793C902-7BB4-4459-8569-95E24B2FE2FB}.Ad-Hoc|Any CPU.Build.0 = Debug|Any CPU
		{1793C902-7BB4-4459-8569-95E24B2FE2FB}.Ad-Hoc|iPhone.ActiveCfg = Debug|Any CPU
		{1793C902-7BB4-4459-8569-95E24B2FE2FB}.Ad-Hoc|iPhone.Build.0 = Debug|Any CPU
		{1793C902-7BB4-4459-8569-95E24B2FE2FB}.Ad-Hoc|iPhoneSimulator.ActiveCfg = Debug|Any CPU
		{1793C902-7BB4-4459-8569-95E24B2FE2FB}.Ad-Hoc|iPhoneSimulator.Build.0 = Debug|Any CPU
		{1793C902-7BB4-4459-8569-95E24B2FE2FB}.AppStore|Any CPU.ActiveCfg = Debug|Any CPU
		{1793C902-7BB4-4459-8569-95E24B2FE2FB}.AppStore|Any CPU.Build.0 = Debug|Any CPU
		{1793C902-7BB4-4459-8569-95E24B2FE2FB}.AppStore|iPhone.ActiveCfg = Debug|Any CPU
		{1793C902-7BB4-4459-8569-95E24B2FE2FB}.AppStore|iPhone.Build.0 = Debug|Any CPU
		{1793C902-7BB4-4459-8569-95E24B2FE2FB}.AppStore|iPhoneSimulator.ActiveCfg = Debug|Any CPU
		{1793C902-7BB4-4459-8569-95E24B2FE2FB}.AppStore|iPhoneSimulator.Build.0 = Debug|Any CPU
		{1793C902-7BB4-4459-8569-95E24B2FE2FB}.Debug|Any CPU.ActiveCfg = Debug|Any CPU
		{1793C902-7BB4-4459-8569-95E24B2FE2FB}.Debug|Any CPU.Build.0 = Debug|Any CPU
		{1793C902-7BB4-4459-8569-95E24B2FE2FB}.Debug|iPhone.ActiveCfg = Debug|Any CPU
		{1793C902-7BB4-4459-8569-95E24B2FE2FB}.Debug|iPhone.Build.0 = Debug|Any CPU
		{1793C902-7BB4-4459-8569-95E24B2FE2FB}.Debug|iPhoneSimulator.ActiveCfg = Debug|Any CPU
		{1793C902-7BB4-4459-8569-95E24B2FE2FB}.Debug|iPhoneSimulator.Build.0 = Debug|Any CPU
		{1793C902-7BB4-4459-8569-95E24B2FE2FB}.Release|Any CPU.ActiveCfg = Release|Any CPU
		{1793C902-7BB4-4459-8569-95E24B2FE2FB}.Release|Any CPU.Build.0 = Release|Any CPU
		{1793C902-7BB4-4459-8569-95E24B2FE2FB}.Release|iPhone.ActiveCfg = Release|Any CPU
		{1793C902-7BB4-4459-8569-95E24B2FE2FB}.Release|iPhone.Build.0 = Release|Any CPU
		{1793C902-7BB4-4459-8569-95E24B2FE2FB}.Release|iPhoneSimulator.ActiveCfg = Release|Any CPU
		{1793C902-7BB4-4459-8569-95E24B2FE2FB}.Release|iPhoneSimulator.Build.0 = Release|Any CPU
		{EB577738-DE01-44B1-AA57-8B11AEB50BCF}.Ad-Hoc|Any CPU.ActiveCfg = Debug|Any CPU
		{EB577738-DE01-44B1-AA57-8B11AEB50BCF}.Ad-Hoc|Any CPU.Build.0 = Debug|Any CPU
		{EB577738-DE01-44B1-AA57-8B11AEB50BCF}.Ad-Hoc|iPhone.ActiveCfg = Debug|Any CPU
		{EB577738-DE01-44B1-AA57-8B11AEB50BCF}.Ad-Hoc|iPhone.Build.0 = Debug|Any CPU
		{EB577738-DE01-44B1-AA57-8B11AEB50BCF}.Ad-Hoc|iPhoneSimulator.ActiveCfg = Debug|Any CPU
		{EB577738-DE01-44B1-AA57-8B11AEB50BCF}.Ad-Hoc|iPhoneSimulator.Build.0 = Debug|Any CPU
		{EB577738-DE01-44B1-AA57-8B11AEB50BCF}.AppStore|Any CPU.ActiveCfg = Debug|Any CPU
		{EB577738-DE01-44B1-AA57-8B11AEB50BCF}.AppStore|Any CPU.Build.0 = Debug|Any CPU
		{EB577738-DE01-44B1-AA57-8B11AEB50BCF}.AppStore|iPhone.ActiveCfg = Debug|Any CPU
		{EB577738-DE01-44B1-AA57-8B11AEB50BCF}.AppStore|iPhone.Build.0 = Debug|Any CPU
		{EB577738-DE01-44B1-AA57-8B11AEB50BCF}.AppStore|iPhoneSimulator.ActiveCfg = Debug|Any CPU
		{EB577738-DE01-44B1-AA57-8B11AEB50BCF}.AppStore|iPhoneSimulator.Build.0 = Debug|Any CPU
		{EB577738-DE01-44B1-AA57-8B11AEB50BCF}.Debug|Any CPU.ActiveCfg = Debug|Any CPU
		{EB577738-DE01-44B1-AA57-8B11AEB50BCF}.Debug|Any CPU.Build.0 = Debug|Any CPU
		{EB577738-DE01-44B1-AA57-8B11AEB50BCF}.Debug|iPhone.ActiveCfg = Debug|Any CPU
		{EB577738-DE01-44B1-AA57-8B11AEB50BCF}.Debug|iPhone.Build.0 = Debug|Any CPU
		{EB577738-DE01-44B1-AA57-8B11AEB50BCF}.Debug|iPhoneSimulator.ActiveCfg = Debug|Any CPU
		{EB577738-DE01-44B1-AA57-8B11AEB50BCF}.Debug|iPhoneSimulator.Build.0 = Debug|Any CPU
		{EB577738-DE01-44B1-AA57-8B11AEB50BCF}.Release|Any CPU.ActiveCfg = Release|Any CPU
		{EB577738-DE01-44B1-AA57-8B11AEB50BCF}.Release|Any CPU.Build.0 = Release|Any CPU
		{EB577738-DE01-44B1-AA57-8B11AEB50BCF}.Release|iPhone.ActiveCfg = Release|Any CPU
		{EB577738-DE01-44B1-AA57-8B11AEB50BCF}.Release|iPhone.Build.0 = Release|Any CPU
		{EB577738-DE01-44B1-AA57-8B11AEB50BCF}.Release|iPhoneSimulator.ActiveCfg = Release|Any CPU
		{EB577738-DE01-44B1-AA57-8B11AEB50BCF}.Release|iPhoneSimulator.Build.0 = Release|Any CPU
		{09F1E185-8BBE-4C65-97C3-14CF4F921835}.Ad-Hoc|Any CPU.ActiveCfg = Debug|Any CPU
		{09F1E185-8BBE-4C65-97C3-14CF4F921835}.Ad-Hoc|Any CPU.Build.0 = Debug|Any CPU
		{09F1E185-8BBE-4C65-97C3-14CF4F921835}.Ad-Hoc|iPhone.ActiveCfg = Debug|Any CPU
		{09F1E185-8BBE-4C65-97C3-14CF4F921835}.Ad-Hoc|iPhone.Build.0 = Debug|Any CPU
		{09F1E185-8BBE-4C65-97C3-14CF4F921835}.Ad-Hoc|iPhoneSimulator.ActiveCfg = Debug|Any CPU
		{09F1E185-8BBE-4C65-97C3-14CF4F921835}.Ad-Hoc|iPhoneSimulator.Build.0 = Debug|Any CPU
		{09F1E185-8BBE-4C65-97C3-14CF4F921835}.AppStore|Any CPU.ActiveCfg = Debug|Any CPU
		{09F1E185-8BBE-4C65-97C3-14CF4F921835}.AppStore|Any CPU.Build.0 = Debug|Any CPU
		{09F1E185-8BBE-4C65-97C3-14CF4F921835}.AppStore|iPhone.ActiveCfg = Debug|Any CPU
		{09F1E185-8BBE-4C65-97C3-14CF4F921835}.AppStore|iPhone.Build.0 = Debug|Any CPU
		{09F1E185-8BBE-4C65-97C3-14CF4F921835}.AppStore|iPhoneSimulator.ActiveCfg = Debug|Any CPU
		{09F1E185-8BBE-4C65-97C3-14CF4F921835}.AppStore|iPhoneSimulator.Build.0 = Debug|Any CPU
		{09F1E185-8BBE-4C65-97C3-14CF4F921835}.Debug|Any CPU.ActiveCfg = Debug|Any CPU
		{09F1E185-8BBE-4C65-97C3-14CF4F921835}.Debug|Any CPU.Build.0 = Debug|Any CPU
		{09F1E185-8BBE-4C65-97C3-14CF4F921835}.Debug|iPhone.ActiveCfg = Debug|Any CPU
		{09F1E185-8BBE-4C65-97C3-14CF4F921835}.Debug|iPhone.Build.0 = Debug|Any CPU
		{09F1E185-8BBE-4C65-97C3-14CF4F921835}.Debug|iPhoneSimulator.ActiveCfg = Debug|Any CPU
		{09F1E185-8BBE-4C65-97C3-14CF4F921835}.Debug|iPhoneSimulator.Build.0 = Debug|Any CPU
		{09F1E185-8BBE-4C65-97C3-14CF4F921835}.Release|Any CPU.ActiveCfg = Release|Any CPU
		{09F1E185-8BBE-4C65-97C3-14CF4F921835}.Release|Any CPU.Build.0 = Release|Any CPU
		{09F1E185-8BBE-4C65-97C3-14CF4F921835}.Release|iPhone.ActiveCfg = Release|Any CPU
		{09F1E185-8BBE-4C65-97C3-14CF4F921835}.Release|iPhone.Build.0 = Release|Any CPU
		{09F1E185-8BBE-4C65-97C3-14CF4F921835}.Release|iPhoneSimulator.ActiveCfg = Release|Any CPU
		{09F1E185-8BBE-4C65-97C3-14CF4F921835}.Release|iPhoneSimulator.Build.0 = Release|Any CPU
	EndGlobalSection
	GlobalSection(SolutionProperties) = preSolution
		HideSolutionNode = FALSE
	EndGlobalSection
	GlobalSection(ExtensibilityGlobals) = postSolution
		SolutionGuid = {23A1F33B-1BD2-43BC-A415-A82300635E49}
	EndGlobalSection
EndGlobal
